// !$*UTF8*$!
{
	archiveVersion = 1;
	classes = {
	};
	objectVersion = 46;
	objects = {

/* Begin PBXBuildFile section */
		AE4107471DBC3E0800B50080 /* CoreDataStack.swift in Sources */ = {isa = PBXBuildFile; fileRef = AE4107461DBC3E0800B50080 /* CoreDataStack.swift */; };
		AE41074A1DBC3EE700B50080 /* Model.xcdatamodeld in Sources */ = {isa = PBXBuildFile; fileRef = AE4107481DBC3EE700B50080 /* Model.xcdatamodeld */; };
		AE41074D1DBC458300B50080 /* PinLocation+CoreDataClass.swift in Sources */ = {isa = PBXBuildFile; fileRef = AE41074B1DBC458300B50080 /* PinLocation+CoreDataClass.swift */; };
		AE41074E1DBC458300B50080 /* PinLocation+CoreDataProperties.swift in Sources */ = {isa = PBXBuildFile; fileRef = AE41074C1DBC458300B50080 /* PinLocation+CoreDataProperties.swift */; };
		AE4107501DBC698400B50080 /* PhotosViewController.swift in Sources */ = {isa = PBXBuildFile; fileRef = AE41074F1DBC698400B50080 /* PhotosViewController.swift */; };
		AE4107521DBD23DE00B50080 /* FlickrService.swift in Sources */ = {isa = PBXBuildFile; fileRef = AE4107511DBD23DE00B50080 /* FlickrService.swift */; };
		AE4107541DBD28C700B50080 /* NetworkingProtocol.swift in Sources */ = {isa = PBXBuildFile; fileRef = AE4107531DBD28C700B50080 /* NetworkingProtocol.swift */; };
		AE4107591DBEF15100B50080 /* AnnotationWithObject.swift in Sources */ = {isa = PBXBuildFile; fileRef = AE4107581DBEF15100B50080 /* AnnotationWithObject.swift */; };
		AE41075C1DBEF61900B50080 /* FlickrStats+CoreDataClass.swift in Sources */ = {isa = PBXBuildFile; fileRef = AE41075A1DBEF61900B50080 /* FlickrStats+CoreDataClass.swift */; };
		AE41075D1DBEF61900B50080 /* FlickrStats+CoreDataProperties.swift in Sources */ = {isa = PBXBuildFile; fileRef = AE41075B1DBEF61900B50080 /* FlickrStats+CoreDataProperties.swift */; };
		AE4107601DBEFB1300B50080 /* PhotosCollectionView.swift in Sources */ = {isa = PBXBuildFile; fileRef = AE41075F1DBEFB1300B50080 /* PhotosCollectionView.swift */; };
		AE8ED2C81DBC0DC5007B19A4 /* MapStateManager.swift in Sources */ = {isa = PBXBuildFile; fileRef = AE8ED2C71DBC0DC5007B19A4 /* MapStateManager.swift */; };
		AEAF69991DCC271000DF5BE3 /* FlickrInterface22.swift in Sources */ = {isa = PBXBuildFile; fileRef = AEAF69981DCC271000DF5BE3 /* FlickrInterface22.swift */; };
		AEDFDC881DBC085500CC7743 /* AppDelegate.swift in Sources */ = {isa = PBXBuildFile; fileRef = AEDFDC871DBC085500CC7743 /* AppDelegate.swift */; };
		AEDFDC8A1DBC085500CC7743 /* ViewController.swift in Sources */ = {isa = PBXBuildFile; fileRef = AEDFDC891DBC085500CC7743 /* ViewController.swift */; };
		AEDFDC8D1DBC085500CC7743 /* Main.storyboard in Resources */ = {isa = PBXBuildFile; fileRef = AEDFDC8B1DBC085500CC7743 /* Main.storyboard */; };
		AEDFDC8F1DBC085500CC7743 /* Assets.xcassets in Resources */ = {isa = PBXBuildFile; fileRef = AEDFDC8E1DBC085500CC7743 /* Assets.xcassets */; };
		AEDFDC921DBC085500CC7743 /* LaunchScreen.storyboard in Resources */ = {isa = PBXBuildFile; fileRef = AEDFDC901DBC085500CC7743 /* LaunchScreen.storyboard */; };
/* End PBXBuildFile section */

/* Begin PBXFileReference section */
		AE4107461DBC3E0800B50080 /* CoreDataStack.swift */ = {isa = PBXFileReference; fileEncoding = 4; lastKnownFileType = sourcecode.swift; path = CoreDataStack.swift; sourceTree = "<group>"; };
		AE4107491DBC3EE700B50080 /* Model.xcdatamodel */ = {isa = PBXFileReference; lastKnownFileType = wrapper.xcdatamodel; path = Model.xcdatamodel; sourceTree = "<group>"; };
		AE41074B1DBC458300B50080 /* PinLocation+CoreDataClass.swift */ = {isa = PBXFileReference; fileEncoding = 4; lastKnownFileType = sourcecode.swift; path = "PinLocation+CoreDataClass.swift"; sourceTree = "<group>"; };
		AE41074C1DBC458300B50080 /* PinLocation+CoreDataProperties.swift */ = {isa = PBXFileReference; fileEncoding = 4; lastKnownFileType = sourcecode.swift; path = "PinLocation+CoreDataProperties.swift"; sourceTree = "<group>"; };
		AE41074F1DBC698400B50080 /* PhotosViewController.swift */ = {isa = PBXFileReference; fileEncoding = 4; lastKnownFileType = sourcecode.swift; path = PhotosViewController.swift; sourceTree = "<group>"; };
		AE4107511DBD23DE00B50080 /* FlickrService.swift */ = {isa = PBXFileReference; fileEncoding = 4; lastKnownFileType = sourcecode.swift; path = FlickrService.swift; sourceTree = "<group>"; };
		AE4107531DBD28C700B50080 /* NetworkingProtocol.swift */ = {isa = PBXFileReference; fileEncoding = 4; lastKnownFileType = sourcecode.swift; path = NetworkingProtocol.swift; sourceTree = "<group>"; };
		AE4107581DBEF15100B50080 /* AnnotationWithObject.swift */ = {isa = PBXFileReference; fileEncoding = 4; lastKnownFileType = sourcecode.swift; path = AnnotationWithObject.swift; sourceTree = "<group>"; };
		AE41075A1DBEF61900B50080 /* FlickrStats+CoreDataClass.swift */ = {isa = PBXFileReference; fileEncoding = 4; lastKnownFileType = sourcecode.swift; path = "FlickrStats+CoreDataClass.swift"; sourceTree = "<group>"; };
		AE41075B1DBEF61900B50080 /* FlickrStats+CoreDataProperties.swift */ = {isa = PBXFileReference; fileEncoding = 4; lastKnownFileType = sourcecode.swift; path = "FlickrStats+CoreDataProperties.swift"; sourceTree = "<group>"; };
		AE41075F1DBEFB1300B50080 /* PhotosCollectionView.swift */ = {isa = PBXFileReference; fileEncoding = 4; lastKnownFileType = sourcecode.swift; path = PhotosCollectionView.swift; sourceTree = "<group>"; };
		AE8ED2C71DBC0DC5007B19A4 /* MapStateManager.swift */ = {isa = PBXFileReference; fileEncoding = 4; lastKnownFileType = sourcecode.swift; path = MapStateManager.swift; sourceTree = "<group>"; };
		AEAF69981DCC271000DF5BE3 /* FlickrInterface22.swift */ = {isa = PBXFileReference; fileEncoding = 4; lastKnownFileType = sourcecode.swift; path = FlickrInterface22.swift; sourceTree = "<group>"; };
		AEDFDC841DBC085500CC7743 /* VirtualTourist.app */ = {isa = PBXFileReference; explicitFileType = wrapper.application; includeInIndex = 0; path = VirtualTourist.app; sourceTree = BUILT_PRODUCTS_DIR; };
		AEDFDC871DBC085500CC7743 /* AppDelegate.swift */ = {isa = PBXFileReference; lastKnownFileType = sourcecode.swift; path = AppDelegate.swift; sourceTree = "<group>"; };
		AEDFDC891DBC085500CC7743 /* ViewController.swift */ = {isa = PBXFileReference; lastKnownFileType = sourcecode.swift; path = ViewController.swift; sourceTree = "<group>"; };
		AEDFDC8C1DBC085500CC7743 /* Base */ = {isa = PBXFileReference; lastKnownFileType = file.storyboard; name = Base; path = Base.lproj/Main.storyboard; sourceTree = "<group>"; };
		AEDFDC8E1DBC085500CC7743 /* Assets.xcassets */ = {isa = PBXFileReference; lastKnownFileType = folder.assetcatalog; path = Assets.xcassets; sourceTree = "<group>"; };
		AEDFDC911DBC085500CC7743 /* Base */ = {isa = PBXFileReference; lastKnownFileType = file.storyboard; name = Base; path = Base.lproj/LaunchScreen.storyboard; sourceTree = "<group>"; };
		AEDFDC931DBC085500CC7743 /* Info.plist */ = {isa = PBXFileReference; lastKnownFileType = text.plist.xml; path = Info.plist; sourceTree = "<group>"; };
/* End PBXFileReference section */

/* Begin PBXFrameworksBuildPhase section */
		AEDFDC811DBC085500CC7743 /* Frameworks */ = {
			isa = PBXFrameworksBuildPhase;
			buildActionMask = 2147483647;
			files = (
			);
			runOnlyForDeploymentPostprocessing = 0;
		};
/* End PBXFrameworksBuildPhase section */

/* Begin PBXGroup section */
		AE4107571DBEEFD100B50080 /* ViewControllers */ = {
			isa = PBXGroup;
			children = (
				AEDFDC891DBC085500CC7743 /* ViewController.swift */,
				AE4107581DBEF15100B50080 /* AnnotationWithObject.swift */,
				AE41074F1DBC698400B50080 /* PhotosViewController.swift */,
			);
			name = ViewControllers;
			sourceTree = "<group>";
		};
		AE41075E1DBEF62700B50080 /* Model */ = {
			isa = PBXGroup;
			children = (
				AEAF69981DCC271000DF5BE3 /* FlickrInterface22.swift */,
				AE4107481DBC3EE700B50080 /* Model.xcdatamodeld */,
				AE41074B1DBC458300B50080 /* PinLocation+CoreDataClass.swift */,
				AE41074C1DBC458300B50080 /* PinLocation+CoreDataProperties.swift */,
				AE41075A1DBEF61900B50080 /* FlickrStats+CoreDataClass.swift */,
				AE41075B1DBEF61900B50080 /* FlickrStats+CoreDataProperties.swift */,
			);
			name = Model;
			sourceTree = "<group>";
		};
		AEDFDC7B1DBC085500CC7743 = {
			isa = PBXGroup;
			children = (
				AEDFDC861DBC085500CC7743 /* VirtualTourist */,
				AEDFDC851DBC085500CC7743 /* Products */,
			);
			sourceTree = "<group>";
		};
		AEDFDC851DBC085500CC7743 /* Products */ = {
			isa = PBXGroup;
			children = (
				AEDFDC841DBC085500CC7743 /* VirtualTourist.app */,
			);
			name = Products;
			sourceTree = "<group>";
		};
		AEDFDC861DBC085500CC7743 /* VirtualTourist */ = {
			isa = PBXGroup;
			children = (
				AE41075F1DBEFB1300B50080 /* PhotosCollectionView.swift */,
				AE41075E1DBEF62700B50080 /* Model */,
				AEDFDC871DBC085500CC7743 /* AppDelegate.swift */,
				AE4107571DBEEFD100B50080 /* ViewControllers */,
				AE8ED2C71DBC0DC5007B19A4 /* MapStateManager.swift */,
				AEDFDC8B1DBC085500CC7743 /* Main.storyboard */,
				AE4107511DBD23DE00B50080 /* FlickrService.swift */,
				AE4107531DBD28C700B50080 /* NetworkingProtocol.swift */,
				AE4107461DBC3E0800B50080 /* CoreDataStack.swift */,
				AEDFDC8E1DBC085500CC7743 /* Assets.xcassets */,
				AEDFDC901DBC085500CC7743 /* LaunchScreen.storyboard */,
				AEDFDC931DBC085500CC7743 /* Info.plist */,
			);
			path = VirtualTourist;
			sourceTree = "<group>";
		};
/* End PBXGroup section */

/* Begin PBXNativeTarget section */
		AEDFDC831DBC085500CC7743 /* VirtualTourist */ = {
			isa = PBXNativeTarget;
			buildConfigurationList = AEDFDC961DBC085500CC7743 /* Build configuration list for PBXNativeTarget "VirtualTourist" */;
			buildPhases = (
				AEDFDC801DBC085500CC7743 /* Sources */,
				AEDFDC811DBC085500CC7743 /* Frameworks */,
				AEDFDC821DBC085500CC7743 /* Resources */,
			);
			buildRules = (
			);
			dependencies = (
			);
			name = VirtualTourist;
			productName = VirtualTourist;
			productReference = AEDFDC841DBC085500CC7743 /* VirtualTourist.app */;
			productType = "com.apple.product-type.application";
		};
/* End PBXNativeTarget section */

/* Begin PBXProject section */
		AEDFDC7C1DBC085500CC7743 /* Project object */ = {
			isa = PBXProject;
			attributes = {
				LastSwiftUpdateCheck = 0800;
				LastUpgradeCheck = 0800;
				ORGANIZATIONNAME = Appogenic;
				TargetAttributes = {
					AEDFDC831DBC085500CC7743 = {
						CreatedOnToolsVersion = 8.0;
						DevelopmentTeam = ZEE8KAFFYS;
						ProvisioningStyle = Automatic;
					};
				};
			};
			buildConfigurationList = AEDFDC7F1DBC085500CC7743 /* Build configuration list for PBXProject "VirtualTourist" */;
			compatibilityVersion = "Xcode 3.2";
			developmentRegion = English;
			hasScannedForEncodings = 0;
			knownRegions = (
				en,
				Base,
			);
			mainGroup = AEDFDC7B1DBC085500CC7743;
			productRefGroup = AEDFDC851DBC085500CC7743 /* Products */;
			projectDirPath = "";
			projectRoot = "";
			targets = (
				AEDFDC831DBC085500CC7743 /* VirtualTourist */,
			);
		};
/* End PBXProject section */

/* Begin PBXResourcesBuildPhase section */
		AEDFDC821DBC085500CC7743 /* Resources */ = {
			isa = PBXResourcesBuildPhase;
			buildActionMask = 2147483647;
			files = (
				AEDFDC921DBC085500CC7743 /* LaunchScreen.storyboard in Resources */,
				AEDFDC8F1DBC085500CC7743 /* Assets.xcassets in Resources */,
				AEDFDC8D1DBC085500CC7743 /* Main.storyboard in Resources */,
			);
			runOnlyForDeploymentPostprocessing = 0;
		};
/* End PBXResourcesBuildPhase section */

/* Begin PBXSourcesBuildPhase section */
		AEDFDC801DBC085500CC7743 /* Sources */ = {
			isa = PBXSourcesBuildPhase;
			buildActionMask = 2147483647;
			files = (
				AE41074E1DBC458300B50080 /* PinLocation+CoreDataProperties.swift in Sources */,
				AE4107501DBC698400B50080 /* PhotosViewController.swift in Sources */,
				AE4107521DBD23DE00B50080 /* FlickrService.swift in Sources */,
				AE41075C1DBEF61900B50080 /* FlickrStats+CoreDataClass.swift in Sources */,
				AE4107541DBD28C700B50080 /* NetworkingProtocol.swift in Sources */,
				AEDFDC8A1DBC085500CC7743 /* ViewController.swift in Sources */,
				AE8ED2C81DBC0DC5007B19A4 /* MapStateManager.swift in Sources */,
				AEAF69991DCC271000DF5BE3 /* FlickrInterface22.swift in Sources */,
				AE4107591DBEF15100B50080 /* AnnotationWithObject.swift in Sources */,
				AE41074D1DBC458300B50080 /* PinLocation+CoreDataClass.swift in Sources */,
				AE41075D1DBEF61900B50080 /* FlickrStats+CoreDataProperties.swift in Sources */,
				AE41074A1DBC3EE700B50080 /* Model.xcdatamodeld in Sources */,
				AE4107601DBEFB1300B50080 /* PhotosCollectionView.swift in Sources */,
				AEDFDC881DBC085500CC7743 /* AppDelegate.swift in Sources */,
				AE4107471DBC3E0800B50080 /* CoreDataStack.swift in Sources */,
			);
			runOnlyForDeploymentPostprocessing = 0;
		};
/* End PBXSourcesBuildPhase section */

/* Begin PBXVariantGroup section */
		AEDFDC8B1DBC085500CC7743 /* Main.storyboard */ = {
			isa = PBXVariantGroup;
			children = (
				AEDFDC8C1DBC085500CC7743 /* Base */,
			);
			name = Main.storyboard;
			sourceTree = "<group>";
		};
		AEDFDC901DBC085500CC7743 /* LaunchScreen.storyboard */ = {
			isa = PBXVariantGroup;
			children = (
				AEDFDC911DBC085500CC7743 /* Base */,
			);
			name = LaunchScreen.storyboard;
			sourceTree = "<group>";
		};
/* End PBXVariantGroup section */

/* Begin XCBuildConfiguration section */
		AEDFDC941DBC085500CC7743 /* Debug */ = {
			isa = XCBuildConfiguration;
			buildSettings = {
				ALWAYS_SEARCH_USER_PATHS = NO;
				CLANG_ANALYZER_NONNULL = YES;
				CLANG_CXX_LANGUAGE_STANDARD = "gnu++0x";
				CLANG_CXX_LIBRARY = "libc++";
				CLANG_ENABLE_MODULES = YES;
				CLANG_ENABLE_OBJC_ARC = YES;
				CLANG_WARN_BOOL_CONVERSION = YES;
				CLANG_WARN_CONSTANT_CONVERSION = YES;
				CLANG_WARN_DIRECT_OBJC_ISA_USAGE = YES_ERROR;
				CLANG_WARN_DOCUMENTATION_COMMENTS = YES;
				CLANG_WARN_EMPTY_BODY = YES;
				CLANG_WARN_ENUM_CONVERSION = YES;
				CLANG_WARN_INFINITE_RECURSION = YES;
				CLANG_WARN_INT_CONVERSION = YES;
				CLANG_WARN_OBJC_ROOT_CLASS = YES_ERROR;
				CLANG_WARN_SUSPICIOUS_MOVES = YES;
				CLANG_WARN_UNREACHABLE_CODE = YES;
				CLANG_WARN__DUPLICATE_METHOD_MATCH = YES;
				"CODE_SIGN_IDENTITY[sdk=iphoneos*]" = "iPhone Developer";
				COPY_PHASE_STRIP = NO;
				DEBUG_INFORMATION_FORMAT = dwarf;
				ENABLE_STRICT_OBJC_MSGSEND = YES;
				ENABLE_TESTABILITY = YES;
				GCC_C_LANGUAGE_STANDARD = gnu99;
				GCC_DYNAMIC_NO_PIC = NO;
				GCC_NO_COMMON_BLOCKS = YES;
				GCC_OPTIMIZATION_LEVEL = 0;
				GCC_PREPROCESSOR_DEFINITIONS = (
					"DEBUG=1",
					"$(inherited)",
				);
				GCC_WARN_64_TO_32_BIT_CONVERSION = YES;
				GCC_WARN_ABOUT_RETURN_TYPE = YES_ERROR;
				GCC_WARN_UNDECLARED_SELECTOR = YES;
				GCC_WARN_UNINITIALIZED_AUTOS = YES_AGGRESSIVE;
				GCC_WARN_UNUSED_FUNCTION = YES;
				GCC_WARN_UNUSED_VARIABLE = YES;
				IPHONEOS_DEPLOYMENT_TARGET = 10.0;
				MTL_ENABLE_DEBUG_INFO = YES;
				ONLY_ACTIVE_ARCH = YES;
				SDKROOT = iphoneos;
				SWIFT_ACTIVE_COMPILATION_CONDITIONS = DEBUG;
				SWIFT_OPTIMIZATION_LEVEL = "-Onone";
			};
			name = Debug;
		};
		AEDFDC951DBC085500CC7743 /* Release */ = {
			isa = XCBuildConfiguration;
			buildSettings = {
				ALWAYS_SEARCH_USER_PATHS = NO;
				CLANG_ANALYZER_NONNULL = YES;
				CLANG_CXX_LANGUAGE_STANDARD = "gnu++0x";
				CLANG_CXX_LIBRARY = "libc++";
				CLANG_ENABLE_MODULES = YES;
				CLANG_ENABLE_OBJC_ARC = YES;
				CLANG_WARN_BOOL_CONVERSION = YES;
				CLANG_WARN_CONSTANT_CONVERSION = YES;
				CLANG_WARN_DIRECT_OBJC_ISA_USAGE = YES_ERROR;
				CLANG_WARN_DOCUMENTATION_COMMENTS = YES;
				CLANG_WARN_EMPTY_BODY = YES;
				CLANG_WARN_ENUM_CONVERSION = YES;
				CLANG_WARN_INFINITE_RECURSION = YES;
				CLANG_WARN_INT_CONVERSION = YES;
				CLANG_WARN_OBJC_ROOT_CLASS = YES_ERROR;
				CLANG_WARN_SUSPICIOUS_MOVES = YES;
				CLANG_WARN_UNREACHABLE_CODE = YES;
				CLANG_WARN__DUPLICATE_METHOD_MATCH = YES;
				"CODE_SIGN_IDENTITY[sdk=iphoneos*]" = "iPhone Developer";
				COPY_PHASE_STRIP = NO;
				DEBUG_INFORMATION_FORMAT = "dwarf-with-dsym";
				ENABLE_NS_ASSERTIONS = NO;
				ENABLE_STRICT_OBJC_MSGSEND = YES;
				GCC_C_LANGUAGE_STANDARD = gnu99;
				GCC_NO_COMMON_BLOCKS = YES;
				GCC_WARN_64_TO_32_BIT_CONVERSION = YES;
				GCC_WARN_ABOUT_RETURN_TYPE = YES_ERROR;
				GCC_WARN_UNDECLARED_SELECTOR = YES;
				GCC_WARN_UNINITIALIZED_AUTOS = YES_AGGRESSIVE;
				GCC_WARN_UNUSED_FUNCTION = YES;
				GCC_WARN_UNUSED_VARIABLE = YES;
				IPHONEOS_DEPLOYMENT_TARGET = 10.0;
				MTL_ENABLE_DEBUG_INFO = NO;
				SDKROOT = iphoneos;
				SWIFT_OPTIMIZATION_LEVEL = "-Owholemodule";
				VALIDATE_PRODUCT = YES;
			};
			name = Release;
		};
		AEDFDC971DBC085500CC7743 /* Debug */ = {
			isa = XCBuildConfiguration;
			buildSettings = {
				ASSETCATALOG_COMPILER_APPICON_NAME = AppIcon;
				DEVELOPMENT_TEAM = ZEE8KAFFYS;
				INFOPLIST_FILE = VirtualTourist/Info.plist;
				LD_RUNPATH_SEARCH_PATHS = "$(inherited) @executable_path/Frameworks";
				PRODUCT_BUNDLE_IDENTIFIER = com.Appogenic.VirtualTourist;
				PRODUCT_NAME = "$(TARGET_NAME)";
				SWIFT_VERSION = 3.0;
			};
			name = Debug;
		};
		AEDFDC981DBC085500CC7743 /* Release */ = {
			isa = XCBuildConfiguration;
			buildSettings = {
				ASSETCATALOG_COMPILER_APPICON_NAME = AppIcon;
				DEVELOPMENT_TEAM = ZEE8KAFFYS;
				INFOPLIST_FILE = VirtualTourist/Info.plist;
				LD_RUNPATH_SEARCH_PATHS = "$(inherited) @executable_path/Frameworks";
				PRODUCT_BUNDLE_IDENTIFIER = com.Appogenic.VirtualTourist;
				PRODUCT_NAME = "$(TARGET_NAME)";
				SWIFT_VERSION = 3.0;
			};
			name = Release;
		};
/* End XCBuildConfiguration section */

/* Begin XCConfigurationList section */
		AEDFDC7F1DBC085500CC7743 /* Build configuration list for PBXProject "VirtualTourist" */ = {
			isa = XCConfigurationList;
			buildConfigurations = (
				AEDFDC941DBC085500CC7743 /* Debug */,
				AEDFDC951DBC085500CC7743 /* Release */,
			);
			defaultConfigurationIsVisible = 0;
			defaultConfigurationName = Release;
		};
		AEDFDC961DBC085500CC7743 /* Build configuration list for PBXNativeTarget "VirtualTourist" */ = {
			isa = XCConfigurationList;
			buildConfigurations = (
				AEDFDC971DBC085500CC7743 /* Debug */,
				AEDFDC981DBC085500CC7743 /* Release */,
			);
			defaultConfigurationIsVisible = 0;
			defaultConfigurationName = Release;
		};
/* End XCConfigurationList section */

/* Begin XCVersionGroup section */
		AE4107481DBC3EE700B50080 /* Model.xcdatamodeld */ = {
			isa = XCVersionGroup;
			children = (
				AE4107491DBC3EE700B50080 /* Model.xcdatamodel */,
			);
			currentVersion = AE4107491DBC3EE700B50080 /* Model.xcdatamodel */;
			path = Model.xcdatamodeld;
			sourceTree = "<group>";
			versionGroupType = wrapper.xcdatamodel;
		};
/* End XCVersionGroup section */
	};
	rootObject = AEDFDC7C1DBC085500CC7743 /* Project object */;
}
